
Microsoft Visual Studio Solution File, Format Version 12.00
# Visual Studio Version 16
VisualStudioVersion = 16.0.31624.102
MinimumVisualStudioVersion = 10.0.40219.1
Project("{FAE04EC0-301F-11D3-BF4B-00C04F79EFBC}") = "RestaurantReviews", "RestaurantReviews.csproj", "{D33711AD-0E3B-4AAC-BE70-E84BBB778427}"
EndProject
Project("{FAE04EC0-301F-11D3-BF4B-00C04F79EFBC}") = "RestaurantReviews.Data", "..\RestaurantReviews.Data\RestaurantReviews.Data.csproj", "{1CCEE03B-450D-4C51-B686-753704C4CB85}"
EndProject
Project("{FAE04EC0-301F-11D3-BF4B-00C04F79EFBC}") = "RestaurantReviews.Testing", "..\RestaurantReviews.Testing\RestaurantReviews.Testing.csproj", "{6253F628-B9B6-4C54-9AEF-1502105360F7}"
EndProject
Global
	GlobalSection(SolutionConfigurationPlatforms) = preSolution
		Debug|Any CPU = Debug|Any CPU
		Release|Any CPU = Release|Any CPU
	EndGlobalSection
	GlobalSection(ProjectConfigurationPlatforms) = postSolution
		{D33711AD-0E3B-4AAC-BE70-E84BBB778427}.Debug|Any CPU.ActiveCfg = Debug|Any CPU
		{D33711AD-0E3B-4AAC-BE70-E84BBB778427}.Debug|Any CPU.Build.0 = Debug|Any CPU
		{D33711AD-0E3B-4AAC-BE70-E84BBB778427}.Release|Any CPU.ActiveCfg = Release|Any CPU
		{D33711AD-0E3B-4AAC-BE70-E84BBB778427}.Release|Any CPU.Build.0 = Release|Any CPU
		{1CCEE03B-450D-4C51-B686-753704C4CB85}.Debug|Any CPU.ActiveCfg = Debug|Any CPU
		{1CCEE03B-450D-4C51-B686-753704C4CB85}.Debug|Any CPU.Build.0 = Debug|Any CPU
		{1CCEE03B-450D-4C51-B686-753704C4CB85}.Release|Any CPU.ActiveCfg = Release|Any CPU
		{1CCEE03B-450D-4C51-B686-753704C4CB85}.Release|Any CPU.Build.0 = Release|Any CPU
		{6253F628-B9B6-4C54-9AEF-1502105360F7}.Debug|Any CPU.ActiveCfg = Debug|Any CPU
		{6253F628-B9B6-4C54-9AEF-1502105360F7}.Debug|Any CPU.Build.0 = Debug|Any CPU
		{6253F628-B9B6-4C54-9AEF-1502105360F7}.Release|Any CPU.ActiveCfg = Release|Any CPU
		{6253F628-B9B6-4C54-9AEF-1502105360F7}.Release|Any CPU.Build.0 = Release|Any CPU
	EndGlobalSection
	GlobalSection(SolutionProperties) = preSolution
		HideSolutionNode = FALSE
	EndGlobalSection
	GlobalSection(ExtensibilityGlobals) = postSolution
		SolutionGuid = {98A3525F-ADAE-4154-AA0D-088E05BA0192}
	EndGlobalSection
EndGlobal
